
Microsoft Visual Studio Solution File, Format Version 12.00
# Visual Studio 15
VisualStudioVersion = 15.0.27130.2027
MinimumVisualStudioVersion = 10.0.40219.1
Project("{FAE04EC0-301F-11D3-BF4B-00C04F79EFBC}") = "LogoFX.Client.Testing.Shared.Caliburn.Micro.Platform.UWP", "LogoFX.Client.Testing.Shared.Caliburn.Micro.Platform\uwp\LogoFX.Client.Testing.Shared.Caliburn.Micro.Platform.UWP.csproj", "{0D76A984-D603-4AE6-B694-6FE911E3505A}"
EndProject
Project("{FAE04EC0-301F-11D3-BF4B-00C04F79EFBC}") = "LogoFX.Client.Testing.Shared.Caliburn.Micro.Platform.NET", "LogoFX.Client.Testing.Shared.Caliburn.Micro.Platform\net\LogoFX.Client.Testing.Shared.Caliburn.Micro.Platform.NET.csproj", "{CAB7ACDF-9BCE-448A-B5D9-BD0B8EDEBDFE}"
EndProject
Global
	GlobalSection(SolutionConfigurationPlatforms) = preSolution
		Debug|Any CPU = Debug|Any CPU
		Debug|ARM = Debug|ARM
		Debug|x64 = Debug|x64
		Debug|x86 = Debug|x86
		Release|Any CPU = Release|Any CPU
		Release|ARM = Release|ARM
		Release|x64 = Release|x64
		Release|x86 = Release|x86
	EndGlobalSection
	GlobalSection(ProjectConfigurationPlatforms) = postSolution
		{0D76A984-D603-4AE6-B694-6FE911E3505A}.Debug|Any CPU.ActiveCfg = Debug|Any CPU
		{0D76A984-D603-4AE6-B694-6FE911E3505A}.Debug|Any CPU.Build.0 = Debug|Any CPU
		{0D76A984-D603-4AE6-B694-6FE911E3505A}.Debug|ARM.ActiveCfg = Debug|ARM
		{0D76A984-D603-4AE6-B694-6FE911E3505A}.Debug|ARM.Build.0 = Debug|ARM
		{0D76A984-D603-4AE6-B694-6FE911E3505A}.Debug|x64.ActiveCfg = Debug|x64
		{0D76A984-D603-4AE6-B694-6FE911E3505A}.Debug|x64.Build.0 = Debug|x64
		{0D76A984-D603-4AE6-B694-6FE911E3505A}.Debug|x86.ActiveCfg = Debug|x86
		{0D76A984-D603-4AE6-B694-6FE911E3505A}.Debug|x86.Build.0 = Debug|x86
		{0D76A984-D603-4AE6-B694-6FE911E3505A}.Release|Any CPU.ActiveCfg = Release|Any CPU
		{0D76A984-D603-4AE6-B694-6FE911E3505A}.Release|Any CPU.Build.0 = Release|Any CPU
		{0D76A984-D603-4AE6-B694-6FE911E3505A}.Release|ARM.ActiveCfg = Release|ARM
		{0D76A984-D603-4AE6-B694-6FE911E3505A}.Release|ARM.Build.0 = Release|ARM
		{0D76A984-D603-4AE6-B694-6FE911E3505A}.Release|x64.ActiveCfg = Release|x64
		{0D76A984-D603-4AE6-B694-6FE911E3505A}.Release|x64.Build.0 = Release|x64
		{0D76A984-D603-4AE6-B694-6FE911E3505A}.Release|x86.ActiveCfg = Release|x86
		{0D76A984-D603-4AE6-B694-6FE911E3505A}.Release|x86.Build.0 = Release|x86
		{CAB7ACDF-9BCE-448A-B5D9-BD0B8EDEBDFE}.Debug|Any CPU.ActiveCfg = Debug|Any CPU
		{CAB7ACDF-9BCE-448A-B5D9-BD0B8EDEBDFE}.Debug|Any CPU.Build.0 = Debug|Any CPU
		{CAB7ACDF-9BCE-448A-B5D9-BD0B8EDEBDFE}.Debug|ARM.ActiveCfg = Debug|Any CPU
		{CAB7ACDF-9BCE-448A-B5D9-BD0B8EDEBDFE}.Debug|ARM.Build.0 = Debug|Any CPU
		{CAB7ACDF-9BCE-448A-B5D9-BD0B8EDEBDFE}.Debug|x64.ActiveCfg = Debug|Any CPU
		{CAB7ACDF-9BCE-448A-B5D9-BD0B8EDEBDFE}.Debug|x64.Build.0 = Debug|Any CPU
		{CAB7ACDF-9BCE-448A-B5D9-BD0B8EDEBDFE}.Debug|x86.ActiveCfg = Debug|Any CPU
		{CAB7ACDF-9BCE-448A-B5D9-BD0B8EDEBDFE}.Debug|x86.Build.0 = Debug|Any CPU
		{CAB7ACDF-9BCE-448A-B5D9-BD0B8EDEBDFE}.Release|Any CPU.ActiveCfg = Release|Any CPU
		{CAB7ACDF-9BCE-448A-B5D9-BD0B8EDEBDFE}.Release|Any CPU.Build.0 = Release|Any CPU
		{CAB7ACDF-9BCE-448A-B5D9-BD0B8EDEBDFE}.Release|ARM.ActiveCfg = Release|Any CPU
		{CAB7ACDF-9BCE-448A-B5D9-BD0B8EDEBDFE}.Release|ARM.Build.0 = Release|Any CPU
		{CAB7ACDF-9BCE-448A-B5D9-BD0B8EDEBDFE}.Release|x64.ActiveCfg = Release|Any CPU
		{CAB7ACDF-9BCE-448A-B5D9-BD0B8EDEBDFE}.Release|x64.Build.0 = Release|Any CPU
		{CAB7ACDF-9BCE-448A-B5D9-BD0B8EDEBDFE}.Release|x86.ActiveCfg = Release|Any CPU
		{CAB7ACDF-9BCE-448A-B5D9-BD0B8EDEBDFE}.Release|x86.Build.0 = Release|Any CPU
	EndGlobalSection
	GlobalSection(SolutionProperties) = preSolution
		HideSolutionNode = FALSE
	EndGlobalSection
	GlobalSection(ExtensibilityGlobals) = postSolution
		SolutionGuid = {C7DDCDA9-0371-4590-8C9D-38FD7FF4A99C}
	EndGlobalSection
EndGlobal
